Microsoft Visual Studio Solution File, Format Version 11.00
# Visual Studio 2008

Project("{0744DDAB-2739-C6FA-86ED-68740C64111B}") = "SantuariosAndinos", "Assembly-CSharp.csproj", "{E26EFD3C-1C78-794E-E12A-330596C034B4}"
EndProject
Project("{0744DDAB-2739-C6FA-86ED-68740C64111B}") = "SantuariosAndinos", "Assembly-CSharp-Editor.csproj", "{374A9171-BC51-39EC-ED17-56AF9F540F1B}"
EndProject
Project("{0744DDAB-2739-C6FA-86ED-68740C64111B}") = "SantuariosAndinos", "Assembly-UnityScript-Editor-firstpass.unityproj", "{A74AEDB3-1A5D-3C9A-3DB9-1D045E1DA551}"
EndProject
Global
	GlobalSection(SolutionConfigurationPlatforms) = preSolution
		Debug|Any CPU = Debug|Any CPU
		Release|Any CPU = Release|Any CPU
	EndGlobalSection
	GlobalSection(ProjectConfigurationPlatforms) = postSolution
		{E26EFD3C-1C78-794E-E12A-330596C034B4}.Debug|Any CPU.ActiveCfg = Debug|Any CPU
		{E26EFD3C-1C78-794E-E12A-330596C034B4}.Debug|Any CPU.Build.0 = Debug|Any CPU
		{E26EFD3C-1C78-794E-E12A-330596C034B4}.Release|Any CPU.ActiveCfg = Release|Any CPU
		{E26EFD3C-1C78-794E-E12A-330596C034B4}.Release|Any CPU.Build.0 = Release|Any CPU
		{374A9171-BC51-39EC-ED17-56AF9F540F1B}.Debug|Any CPU.ActiveCfg = Debug|Any CPU
		{374A9171-BC51-39EC-ED17-56AF9F540F1B}.Debug|Any CPU.Build.0 = Debug|Any CPU
		{374A9171-BC51-39EC-ED17-56AF9F540F1B}.Release|Any CPU.ActiveCfg = Release|Any CPU
		{374A9171-BC51-39EC-ED17-56AF9F540F1B}.Release|Any CPU.Build.0 = Release|Any CPU
		{A74AEDB3-1A5D-3C9A-3DB9-1D045E1DA551}.Debug|Any CPU.ActiveCfg = Debug|Any CPU
		{A74AEDB3-1A5D-3C9A-3DB9-1D045E1DA551}.Debug|Any CPU.Build.0 = Debug|Any CPU
		{A74AEDB3-1A5D-3C9A-3DB9-1D045E1DA551}.Release|Any CPU.ActiveCfg = Release|Any CPU
		{A74AEDB3-1A5D-3C9A-3DB9-1D045E1DA551}.Release|Any CPU.Build.0 = Release|Any CPU
	EndGlobalSection
	GlobalSection(SolutionProperties) = preSolution
		HideSolutionNode = FALSE
	EndGlobalSection
		GlobalSection(MonoDevelopProperties) = preSolution
		StartupItem = Assembly-CSharp.csproj
		Policies = $0
		$0.TextStylePolicy = $1
		$1.inheritsSet = null
		$1.scope = text/x-csharp
		$0.CSharpFormattingPolicy = $2
		$2.inheritsSet = Mono
		$2.inheritsScope = text/x-csharp
		$2.scope = text/x-csharp
		$0.TextStylePolicy = $3
		$3.FileWidth = 120
		$3.TabWidth = 4
		$3.IndentWidth = 4
		$3.EolMarker = Unix
		$3.inheritsSet = Mono
		$3.inheritsScope = text/plain
		$3.scope = text/plain
	EndGlobalSection

EndGlobal
